// !$*UTF8*$!
{
	archiveVersion = 1;
	classes = {
	};
	objectVersion = 55;
	objects = {

/* Begin PBXBuildFile section */
		491E481228372C20006E1666 /* PhotoManagerApp.swift in Sources */ = {isa = PBXBuildFile; fileRef = 491E481128372C20006E1666 /* PhotoManagerApp.swift */; };
		491E481628372C21006E1666 /* Assets.xcassets in Resources */ = {isa = PBXBuildFile; fileRef = 491E481528372C21006E1666 /* Assets.xcassets */; };
		491E482428372C21006E1666 /* PhotoManagerTests.swift in Sources */ = {isa = PBXBuildFile; fileRef = 491E482328372C21006E1666 /* PhotoManagerTests.swift */; };
		491E482E28372C21006E1666 /* PhotoManagerUITests.swift in Sources */ = {isa = PBXBuildFile; fileRef = 491E482D28372C21006E1666 /* PhotoManagerUITests.swift */; };
		491E483028372C21006E1666 /* PhotoManagerUITestsLaunchTests.swift in Sources */ = {isa = PBXBuildFile; fileRef = 491E482F28372C21006E1666 /* PhotoManagerUITestsLaunchTests.swift */; };
		491E48442837337D006E1666 /* PhotoReviewHome.swift in Sources */ = {isa = PBXBuildFile; fileRef = 491E48432837337D006E1666 /* PhotoReviewHome.swift */; };
		491E4846283737EF006E1666 /* ImageManager.swift in Sources */ = {isa = PBXBuildFile; fileRef = 491E4845283737EF006E1666 /* ImageManager.swift */; };
		491E484828373A42006E1666 /* ImageData.swift in Sources */ = {isa = PBXBuildFile; fileRef = 491E484728373A42006E1666 /* ImageData.swift */; };
		491E484B283740BC006E1666 /* Publisher+didSet.swift in Sources */ = {isa = PBXBuildFile; fileRef = 491E484A283740BC006E1666 /* Publisher+didSet.swift */; };
		491E484D28374E51006E1666 /* PhotoReviewSingle.swift in Sources */ = {isa = PBXBuildFile; fileRef = 491E484C28374E51006E1666 /* PhotoReviewSingle.swift */; };
		491E485328375176006E1666 /* PhotoReviewHomeModel.swift in Sources */ = {isa = PBXBuildFile; fileRef = 491E485228375176006E1666 /* PhotoReviewHomeModel.swift */; };
		492B5C26296BD42500E56553 /* DateUtility.swift in Sources */ = {isa = PBXBuildFile; fileRef = 492B5C25296BD42500E56553 /* DateUtility.swift */; };
		492B5C28296BD99A00E56553 /* SidePropertiesView.swift in Sources */ = {isa = PBXBuildFile; fileRef = 492B5C27296BD99A00E56553 /* SidePropertiesView.swift */; };
		492B5C2F296BEED500E56553 /* Keys.swift in Sources */ = {isa = PBXBuildFile; fileRef = 492B5C2E296BEED500E56553 /* Keys.swift */; };
		492B5C31296CE7EC00E56553 /* SaveModalView.swift in Sources */ = {isa = PBXBuildFile; fileRef = 492B5C30296CE7EC00E56553 /* SaveModalView.swift */; };
		49398CC7296B7E9A00B324D0 /* ImagePropertiesView.swift in Sources */ = {isa = PBXBuildFile; fileRef = 49398CC6296B7E9A00B324D0 /* ImagePropertiesView.swift */; };
		49398CC9296B813C00B324D0 /* PhotoReviewSingleModel.swift in Sources */ = {isa = PBXBuildFile; fileRef = 49398CC8296B813C00B324D0 /* PhotoReviewSingleModel.swift */; };
		496E013029691C7C00543A18 /* KeyEventHandling.swift in Sources */ = {isa = PBXBuildFile; fileRef = 496E012F29691C7C00543A18 /* KeyEventHandling.swift */; };
		49A544422838308400FC860E /* ImportView.swift in Sources */ = {isa = PBXBuildFile; fileRef = 49A544412838308400FC860E /* ImportView.swift */; };
		49A544442838313100FC860E /* ImportViewModel.swift in Sources */ = {isa = PBXBuildFile; fileRef = 49A544432838313100FC860E /* ImportViewModel.swift */; };
		49A544462838585600FC860E /* FileManager+secureCopyItem.swift in Sources */ = {isa = PBXBuildFile; fileRef = 49A544452838585600FC860E /* FileManager+secureCopyItem.swift */; };
		49A5444B2839DABB00FC860E /* URL+isDirectory.swift in Sources */ = {isa = PBXBuildFile; fileRef = 49A5444A2839DABB00FC860E /* URL+isDirectory.swift */; };
		49B86EA4299E6F2F00CD531A /* DirectorySelector.swift in Sources */ = {isa = PBXBuildFile; fileRef = 49B86EA3299E6F2F00CD531A /* DirectorySelector.swift */; };
		49B86EA6299E713300CD531A /* FileManager+createDirectoryIfNecessary.swift in Sources */ = {isa = PBXBuildFile; fileRef = 49B86EA5299E713300CD531A /* FileManager+createDirectoryIfNecessary.swift */; };
		49B86EAC299E751C00CD531A /* FileType.swift in Sources */ = {isa = PBXBuildFile; fileRef = 49B86EAB299E751C00CD531A /* FileType.swift */; };
		49B86EAF299E780400CD531A /* DirectoryType.swift in Sources */ = {isa = PBXBuildFile; fileRef = 49B86EAE299E780400CD531A /* DirectoryType.swift */; };
/* End PBXBuildFile section */

/* Begin PBXContainerItemProxy section */
		491E482028372C21006E1666 /* PBXContainerItemProxy */ = {
			isa = PBXContainerItemProxy;
			containerPortal = 491E480628372C20006E1666 /* Project object */;
			proxyType = 1;
			remoteGlobalIDString = 491E480D28372C20006E1666;
			remoteInfo = PhotoManager;
		};
		491E482A28372C21006E1666 /* PBXContainerItemProxy */ = {
			isa = PBXContainerItemProxy;
			containerPortal = 491E480628372C20006E1666 /* Project object */;
			proxyType = 1;
			remoteGlobalIDString = 491E480D28372C20006E1666;
			remoteInfo = PhotoManager;
		};
/* End PBXContainerItemProxy section */

/* Begin PBXFileReference section */
		491E480E28372C20006E1666 /* PhotoManager.app */ = {isa = PBXFileReference; explicitFileType = wrapper.application; includeInIndex = 0; path = PhotoManager.app; sourceTree = BUILT_PRODUCTS_DIR; };
		491E481128372C20006E1666 /* PhotoManagerApp.swift */ = {isa = PBXFileReference; lastKnownFileType = sourcecode.swift; path = PhotoManagerApp.swift; sourceTree = "<group>"; };
		491E481528372C21006E1666 /* Assets.xcassets */ = {isa = PBXFileReference; lastKnownFileType = folder.assetcatalog; path = Assets.xcassets; sourceTree = "<group>"; };
		491E481A28372C21006E1666 /* PhotoManager.entitlements */ = {isa = PBXFileReference; lastKnownFileType = text.plist.entitlements; path = PhotoManager.entitlements; sourceTree = "<group>"; };
		491E481F28372C21006E1666 /* PhotoManagerTests.xctest */ = {isa = PBXFileReference; explicitFileType = wrapper.cfbundle; includeInIndex = 0; path = PhotoManagerTests.xctest; sourceTree = BUILT_PRODUCTS_DIR; };
		491E482328372C21006E1666 /* PhotoManagerTests.swift */ = {isa = PBXFileReference; lastKnownFileType = sourcecode.swift; path = PhotoManagerTests.swift; sourceTree = "<group>"; };
		491E482928372C21006E1666 /* PhotoManagerUITests.xctest */ = {isa = PBXFileReference; explicitFileType = wrapper.cfbundle; includeInIndex = 0; path = PhotoManagerUITests.xctest; sourceTree = BUILT_PRODUCTS_DIR; };
		491E482D28372C21006E1666 /* PhotoManagerUITests.swift */ = {isa = PBXFileReference; lastKnownFileType = sourcecode.swift; path = PhotoManagerUITests.swift; sourceTree = "<group>"; };
		491E482F28372C21006E1666 /* PhotoManagerUITestsLaunchTests.swift */ = {isa = PBXFileReference; lastKnownFileType = sourcecode.swift; path = PhotoManagerUITestsLaunchTests.swift; sourceTree = "<group>"; };
		491E48432837337D006E1666 /* PhotoReviewHome.swift */ = {isa = PBXFileReference; lastKnownFileType = sourcecode.swift; path = PhotoReviewHome.swift; sourceTree = "<group>"; };
		491E4845283737EF006E1666 /* ImageManager.swift */ = {isa = PBXFileReference; lastKnownFileType = sourcecode.swift; path = ImageManager.swift; sourceTree = "<group>"; };
		491E484728373A42006E1666 /* ImageData.swift */ = {isa = PBXFileReference; lastKnownFileType = sourcecode.swift; path = ImageData.swift; sourceTree = "<group>"; };
		491E484A283740BC006E1666 /* Publisher+didSet.swift */ = {isa = PBXFileReference; lastKnownFileType = sourcecode.swift; path = "Publisher+didSet.swift"; sourceTree = "<group>"; };
		491E484C28374E51006E1666 /* PhotoReviewSingle.swift */ = {isa = PBXFileReference; lastKnownFileType = sourcecode.swift; path = PhotoReviewSingle.swift; sourceTree = "<group>"; };
		491E485228375176006E1666 /* PhotoReviewHomeModel.swift */ = {isa = PBXFileReference; lastKnownFileType = sourcecode.swift; path = PhotoReviewHomeModel.swift; sourceTree = "<group>"; };
		492B5C25296BD42500E56553 /* DateUtility.swift */ = {isa = PBXFileReference; lastKnownFileType = sourcecode.swift; path = DateUtility.swift; sourceTree = "<group>"; };
		492B5C27296BD99A00E56553 /* SidePropertiesView.swift */ = {isa = PBXFileReference; lastKnownFileType = sourcecode.swift; path = SidePropertiesView.swift; sourceTree = "<group>"; };
		492B5C2E296BEED500E56553 /* Keys.swift */ = {isa = PBXFileReference; lastKnownFileType = sourcecode.swift; path = Keys.swift; sourceTree = "<group>"; };
		492B5C30296CE7EC00E56553 /* SaveModalView.swift */ = {isa = PBXFileReference; lastKnownFileType = sourcecode.swift; path = SaveModalView.swift; sourceTree = "<group>"; };
		49398CC6296B7E9A00B324D0 /* ImagePropertiesView.swift */ = {isa = PBXFileReference; lastKnownFileType = sourcecode.swift; path = ImagePropertiesView.swift; sourceTree = "<group>"; };
		49398CC8296B813C00B324D0 /* PhotoReviewSingleModel.swift */ = {isa = PBXFileReference; lastKnownFileType = sourcecode.swift; path = PhotoReviewSingleModel.swift; sourceTree = "<group>"; };
		496E012F29691C7C00543A18 /* KeyEventHandling.swift */ = {isa = PBXFileReference; lastKnownFileType = sourcecode.swift; path = KeyEventHandling.swift; sourceTree = "<group>"; };
		49A544412838308400FC860E /* ImportView.swift */ = {isa = PBXFileReference; lastKnownFileType = sourcecode.swift; path = ImportView.swift; sourceTree = "<group>"; };
		49A544432838313100FC860E /* ImportViewModel.swift */ = {isa = PBXFileReference; lastKnownFileType = sourcecode.swift; path = ImportViewModel.swift; sourceTree = "<group>"; };
		49A544452838585600FC860E /* FileManager+secureCopyItem.swift */ = {isa = PBXFileReference; lastKnownFileType = sourcecode.swift; path = "FileManager+secureCopyItem.swift"; sourceTree = "<group>"; };
		49A5444A2839DABB00FC860E /* URL+isDirectory.swift */ = {isa = PBXFileReference; lastKnownFileType = sourcecode.swift; path = "URL+isDirectory.swift"; sourceTree = "<group>"; };
		49B86EA3299E6F2F00CD531A /* DirectorySelector.swift */ = {isa = PBXFileReference; lastKnownFileType = sourcecode.swift; path = DirectorySelector.swift; sourceTree = "<group>"; };
		49B86EA5299E713300CD531A /* FileManager+createDirectoryIfNecessary.swift */ = {isa = PBXFileReference; lastKnownFileType = sourcecode.swift; path = "FileManager+createDirectoryIfNecessary.swift"; sourceTree = "<group>"; };
		49B86EAB299E751C00CD531A /* FileType.swift */ = {isa = PBXFileReference; fileEncoding = 4; lastKnownFileType = sourcecode.swift; path = FileType.swift; sourceTree = "<group>"; };
		49B86EAE299E780400CD531A /* DirectoryType.swift */ = {isa = PBXFileReference; lastKnownFileType = sourcecode.swift; path = DirectoryType.swift; sourceTree = "<group>"; };
/* End PBXFileReference section */

/* Begin PBXFrameworksBuildPhase section */
		491E480B28372C20006E1666 /* Frameworks */ = {
			isa = PBXFrameworksBuildPhase;
			buildActionMask = 2147483647;
			files = (
			);
			runOnlyForDeploymentPostprocessing = 0;
		};
		491E481C28372C21006E1666 /* Frameworks */ = {
			isa = PBXFrameworksBuildPhase;
			buildActionMask = 2147483647;
			files = (
			);
			runOnlyForDeploymentPostprocessing = 0;
		};
		491E482628372C21006E1666 /* Frameworks */ = {
			isa = PBXFrameworksBuildPhase;
			buildActionMask = 2147483647;
			files = (
			);
			runOnlyForDeploymentPostprocessing = 0;
		};
/* End PBXFrameworksBuildPhase section */

/* Begin PBXGroup section */
		491E480528372C20006E1666 = {
			isa = PBXGroup;
			children = (
				491E481028372C20006E1666 /* PhotoManager */,
				491E482228372C21006E1666 /* PhotoManagerTests */,
				491E482C28372C21006E1666 /* PhotoManagerUITests */,
				491E480F28372C20006E1666 /* Products */,
				492B5C2B296BE58C00E56553 /* Frameworks */,
			);
			sourceTree = "<group>";
		};
		491E480F28372C20006E1666 /* Products */ = {
			isa = PBXGroup;
			children = (
				491E480E28372C20006E1666 /* PhotoManager.app */,
				491E481F28372C21006E1666 /* PhotoManagerTests.xctest */,
				491E482928372C21006E1666 /* PhotoManagerUITests.xctest */,
			);
			name = Products;
			sourceTree = "<group>";
		};
		491E481028372C20006E1666 /* PhotoManager */ = {
			isa = PBXGroup;
			children = (
				49B86EAD299E77FA00CD531A /* Enums */,
				49A544482838756F00FC860E /* Classes */,
				491E481128372C20006E1666 /* PhotoManagerApp.swift */,
				491E481528372C21006E1666 /* Assets.xcassets */,
				491E481A28372C21006E1666 /* PhotoManager.entitlements */,
			);
			path = PhotoManager;
			sourceTree = "<group>";
		};
		491E482228372C21006E1666 /* PhotoManagerTests */ = {
			isa = PBXGroup;
			children = (
				491E482328372C21006E1666 /* PhotoManagerTests.swift */,
			);
			path = PhotoManagerTests;
			sourceTree = "<group>";
		};
		491E482C28372C21006E1666 /* PhotoManagerUITests */ = {
			isa = PBXGroup;
			children = (
				491E482D28372C21006E1666 /* PhotoManagerUITests.swift */,
				491E482F28372C21006E1666 /* PhotoManagerUITestsLaunchTests.swift */,
			);
			path = PhotoManagerUITests;
			sourceTree = "<group>";
		};
		491E4849283740AA006E1666 /* Utilites */ = {
			isa = PBXGroup;
			children = (
				496E012F29691C7C00543A18 /* KeyEventHandling.swift */,
				491E484A283740BC006E1666 /* Publisher+didSet.swift */,
				49A544452838585600FC860E /* FileManager+secureCopyItem.swift */,
				49A5444A2839DABB00FC860E /* URL+isDirectory.swift */,
				492B5C25296BD42500E56553 /* DateUtility.swift */,
				49B86EA5299E713300CD531A /* FileManager+createDirectoryIfNecessary.swift */,
			);
			path = Utilites;
			sourceTree = "<group>";
		};
		492B5C2B296BE58C00E56553 /* Frameworks */ = {
			isa = PBXGroup;
			children = (
			);
			name = Frameworks;
			sourceTree = "<group>";
		};
		492B5C32296CECE300E56553 /* Home */ = {
			isa = PBXGroup;
			children = (
				491E48432837337D006E1666 /* PhotoReviewHome.swift */,
				491E485228375176006E1666 /* PhotoReviewHomeModel.swift */,
			);
			path = Home;
			sourceTree = "<group>";
		};
		49398CC5296B7E7B00B324D0 /* Single */ = {
			isa = PBXGroup;
			children = (
				491E484C28374E51006E1666 /* PhotoReviewSingle.swift */,
				49398CC6296B7E9A00B324D0 /* ImagePropertiesView.swift */,
				49398CC8296B813C00B324D0 /* PhotoReviewSingleModel.swift */,
				492B5C27296BD99A00E56553 /* SidePropertiesView.swift */,
				492B5C30296CE7EC00E56553 /* SaveModalView.swift */,
			);
			path = Single;
			sourceTree = "<group>";
		};
		49A5444028382FC700FC860E /* PhotoReview */ = {
			isa = PBXGroup;
			children = (
				492B5C32296CECE300E56553 /* Home */,
				49398CC5296B7E7B00B324D0 /* Single */,
			);
			path = PhotoReview;
			sourceTree = "<group>";
		};
		49A544472838717400FC860E /* Import */ = {
			isa = PBXGroup;
			children = (
				49A544412838308400FC860E /* ImportView.swift */,
				49A544432838313100FC860E /* ImportViewModel.swift */,
			);
			path = Import;
			sourceTree = "<group>";
		};
		49A544482838756F00FC860E /* Classes */ = {
			isa = PBXGroup;
			children = (
				49A544492838790500FC860E /* Shared */,
				49A544472838717400FC860E /* Import */,
				49A5444028382FC700FC860E /* PhotoReview */,
				491E4849283740AA006E1666 /* Utilites */,
			);
			path = Classes;
			sourceTree = "<group>";
		};
		49A544492838790500FC860E /* Shared */ = {
			isa = PBXGroup;
			children = (
				492B5C2E296BEED500E56553 /* Keys.swift */,
				491E4845283737EF006E1666 /* ImageManager.swift */,
				491E484728373A42006E1666 /* ImageData.swift */,
				49B86EA3299E6F2F00CD531A /* DirectorySelector.swift */,
			);
			path = Shared;
			sourceTree = "<group>";
		};
		49B86EAD299E77FA00CD531A /* Enums */ = {
			isa = PBXGroup;
			children = (
				49B86EAB299E751C00CD531A /* FileType.swift */,
				49B86EAE299E780400CD531A /* DirectoryType.swift */,
			);
			path = Enums;
			sourceTree = "<group>";
		};
/* End PBXGroup section */

/* Begin PBXNativeTarget section */
		491E480D28372C20006E1666 /* PhotoManager */ = {
			isa = PBXNativeTarget;
			buildConfigurationList = 491E483328372C21006E1666 /* Build configuration list for PBXNativeTarget "PhotoManager" */;
			buildPhases = (
				491E480A28372C20006E1666 /* Sources */,
				491E480B28372C20006E1666 /* Frameworks */,
				491E480C28372C20006E1666 /* Resources */,
			);
			buildRules = (
			);
			dependencies = (
			);
			name = PhotoManager;
			packageProductDependencies = (
			);
			productName = PhotoManager;
			productReference = 491E480E28372C20006E1666 /* PhotoManager.app */;
			productType = "com.apple.product-type.application";
		};
		491E481E28372C21006E1666 /* PhotoManagerTests */ = {
			isa = PBXNativeTarget;
			buildConfigurationList = 491E483628372C21006E1666 /* Build configuration list for PBXNativeTarget "PhotoManagerTests" */;
			buildPhases = (
				491E481B28372C21006E1666 /* Sources */,
				491E481C28372C21006E1666 /* Frameworks */,
				491E481D28372C21006E1666 /* Resources */,
			);
			buildRules = (
			);
			dependencies = (
				491E482128372C21006E1666 /* PBXTargetDependency */,
			);
			name = PhotoManagerTests;
			productName = PhotoManagerTests;
			productReference = 491E481F28372C21006E1666 /* PhotoManagerTests.xctest */;
			productType = "com.apple.product-type.bundle.unit-test";
		};
		491E482828372C21006E1666 /* PhotoManagerUITests */ = {
			isa = PBXNativeTarget;
			buildConfigurationList = 491E483928372C21006E1666 /* Build configuration list for PBXNativeTarget "PhotoManagerUITests" */;
			buildPhases = (
				491E482528372C21006E1666 /* Sources */,
				491E482628372C21006E1666 /* Frameworks */,
				491E482728372C21006E1666 /* Resources */,
			);
			buildRules = (
			);
			dependencies = (
				491E482B28372C21006E1666 /* PBXTargetDependency */,
			);
			name = PhotoManagerUITests;
			productName = PhotoManagerUITests;
			productReference = 491E482928372C21006E1666 /* PhotoManagerUITests.xctest */;
			productType = "com.apple.product-type.bundle.ui-testing";
		};
/* End PBXNativeTarget section */

/* Begin PBXProject section */
		491E480628372C20006E1666 /* Project object */ = {
			isa = PBXProject;
			attributes = {
				BuildIndependentTargetsInParallel = 1;
				LastSwiftUpdateCheck = 1310;
				LastUpgradeCheck = 1310;
				TargetAttributes = {
					491E480D28372C20006E1666 = {
						CreatedOnToolsVersion = 13.1;
					};
					491E481E28372C21006E1666 = {
						CreatedOnToolsVersion = 13.1;
						TestTargetID = 491E480D28372C20006E1666;
					};
					491E482828372C21006E1666 = {
						CreatedOnToolsVersion = 13.1;
						TestTargetID = 491E480D28372C20006E1666;
					};
				};
			};
			buildConfigurationList = 491E480928372C20006E1666 /* Build configuration list for PBXProject "PhotoManager" */;
			compatibilityVersion = "Xcode 13.0";
			developmentRegion = en;
			hasScannedForEncodings = 0;
			knownRegions = (
				en,
				Base,
			);
			mainGroup = 491E480528372C20006E1666;
			productRefGroup = 491E480F28372C20006E1666 /* Products */;
			projectDirPath = "";
			projectRoot = "";
			targets = (
				491E480D28372C20006E1666 /* PhotoManager */,
				491E481E28372C21006E1666 /* PhotoManagerTests */,
				491E482828372C21006E1666 /* PhotoManagerUITests */,
			);
		};
/* End PBXProject section */

/* Begin PBXResourcesBuildPhase section */
		491E480C28372C20006E1666 /* Resources */ = {
			isa = PBXResourcesBuildPhase;
			buildActionMask = 2147483647;
			files = (
				491E481628372C21006E1666 /* Assets.xcassets in Resources */,
			);
			runOnlyForDeploymentPostprocessing = 0;
		};
		491E481D28372C21006E1666 /* Resources */ = {
			isa = PBXResourcesBuildPhase;
			buildActionMask = 2147483647;
			files = (
			);
			runOnlyForDeploymentPostprocessing = 0;
		};
		491E482728372C21006E1666 /* Resources */ = {
			isa = PBXResourcesBuildPhase;
			buildActionMask = 2147483647;
			files = (
			);
			runOnlyForDeploymentPostprocessing = 0;
		};
/* End PBXResourcesBuildPhase section */

/* Begin PBXSourcesBuildPhase section */
		491E480A28372C20006E1666 /* Sources */ = {
			isa = PBXSourcesBuildPhase;
			buildActionMask = 2147483647;
			files = (
				491E484D28374E51006E1666 /* PhotoReviewSingle.swift in Sources */,
				496E013029691C7C00543A18 /* KeyEventHandling.swift in Sources */,
				49398CC7296B7E9A00B324D0 /* ImagePropertiesView.swift in Sources */,
				491E484B283740BC006E1666 /* Publisher+didSet.swift in Sources */,
				49A544462838585600FC860E /* FileManager+secureCopyItem.swift in Sources */,
				491E4846283737EF006E1666 /* ImageManager.swift in Sources */,
				492B5C2F296BEED500E56553 /* Keys.swift in Sources */,
				49B86EAC299E751C00CD531A /* FileType.swift in Sources */,
				49398CC9296B813C00B324D0 /* PhotoReviewSingleModel.swift in Sources */,
				49A544422838308400FC860E /* ImportView.swift in Sources */,
				49A5444B2839DABB00FC860E /* URL+isDirectory.swift in Sources */,
				49B86EAF299E780400CD531A /* DirectoryType.swift in Sources */,
				491E48442837337D006E1666 /* PhotoReviewHome.swift in Sources */,
				492B5C26296BD42500E56553 /* DateUtility.swift in Sources */,
				491E481228372C20006E1666 /* PhotoManagerApp.swift in Sources */,
				492B5C28296BD99A00E56553 /* SidePropertiesView.swift in Sources */,
				49B86EA6299E713300CD531A /* FileManager+createDirectoryIfNecessary.swift in Sources */,
				491E485328375176006E1666 /* PhotoReviewHomeModel.swift in Sources */,
				49B86EA4299E6F2F00CD531A /* DirectorySelector.swift in Sources */,
				492B5C31296CE7EC00E56553 /* SaveModalView.swift in Sources */,
				491E484828373A42006E1666 /* ImageData.swift in Sources */,
				49A544442838313100FC860E /* ImportViewModel.swift in Sources */,
			);
			runOnlyForDeploymentPostprocessing = 0;
		};
		491E481B28372C21006E1666 /* Sources */ = {
			isa = PBXSourcesBuildPhase;
			buildActionMask = 2147483647;
			files = (
				491E482428372C21006E1666 /* PhotoManagerTests.swift in Sources */,
			);
			runOnlyForDeploymentPostprocessing = 0;
		};
		491E482528372C21006E1666 /* Sources */ = {
			isa = PBXSourcesBuildPhase;
			buildActionMask = 2147483647;
			files = (
				491E482E28372C21006E1666 /* PhotoManagerUITests.swift in Sources */,
				491E483028372C21006E1666 /* PhotoManagerUITestsLaunchTests.swift in Sources */,
			);
			runOnlyForDeploymentPostprocessing = 0;
		};
/* End PBXSourcesBuildPhase section */

/* Begin PBXTargetDependency section */
		491E482128372C21006E1666 /* PBXTargetDependency */ = {
			isa = PBXTargetDependency;
			target = 491E480D28372C20006E1666 /* PhotoManager */;
			targetProxy = 491E482028372C21006E1666 /* PBXContainerItemProxy */;
		};
		491E482B28372C21006E1666 /* PBXTargetDependency */ = {
			isa = PBXTargetDependency;
			target = 491E480D28372C20006E1666 /* PhotoManager */;
			targetProxy = 491E482A28372C21006E1666 /* PBXContainerItemProxy */;
		};
/* End PBXTargetDependency section */

/* Begin XCBuildConfiguration section */
		491E483128372C21006E1666 /* Debug */ = {
			isa = XCBuildConfiguration;
			buildSettings = {
				ALWAYS_SEARCH_USER_PATHS = NO;
				CLANG_ANALYZER_NONNULL = YES;
				CLANG_ANALYZER_NUMBER_OBJECT_CONVERSION = YES_AGGRESSIVE;
				CLANG_CXX_LANGUAGE_STANDARD = "gnu++17";
				CLANG_CXX_LIBRARY = "libc++";
				CLANG_ENABLE_MODULES = YES;
				CLANG_ENABLE_OBJC_ARC = YES;
				CLANG_ENABLE_OBJC_WEAK = YES;
				CLANG_WARN_BLOCK_CAPTURE_AUTORELEASING = YES;
				CLANG_WARN_BOOL_CONVERSION = YES;
				CLANG_WARN_COMMA = YES;
				CLANG_WARN_CONSTANT_CONVERSION = YES;
				CLANG_WARN_DEPRECATED_OBJC_IMPLEMENTATIONS = YES;
				CLANG_WARN_DIRECT_OBJC_ISA_USAGE = YES_ERROR;
				CLANG_WARN_DOCUMENTATION_COMMENTS = YES;
				CLANG_WARN_EMPTY_BODY = YES;
				CLANG_WARN_ENUM_CONVERSION = YES;
				CLANG_WARN_INFINITE_RECURSION = YES;
				CLANG_WARN_INT_CONVERSION = YES;
				CLANG_WARN_NON_LITERAL_NULL_CONVERSION = YES;
				CLANG_WARN_OBJC_IMPLICIT_RETAIN_SELF = YES;
				CLANG_WARN_OBJC_LITERAL_CONVERSION = YES;
				CLANG_WARN_OBJC_ROOT_CLASS = YES_ERROR;
				CLANG_WARN_QUOTED_INCLUDE_IN_FRAMEWORK_HEADER = YES;
				CLANG_WARN_RANGE_LOOP_ANALYSIS = YES;
				CLANG_WARN_STRICT_PROTOTYPES = YES;
				CLANG_WARN_SUSPICIOUS_MOVE = YES;
				CLANG_WARN_UNGUARDED_AVAILABILITY = YES_AGGRESSIVE;
				CLANG_WARN_UNREACHABLE_CODE = YES;
				CLANG_WARN__DUPLICATE_METHOD_MATCH = YES;
				COPY_PHASE_STRIP = NO;
				DEBUG_INFORMATION_FORMAT = dwarf;
				ENABLE_STRICT_OBJC_MSGSEND = YES;
				ENABLE_TESTABILITY = YES;
				GCC_C_LANGUAGE_STANDARD = gnu11;
				GCC_DYNAMIC_NO_PIC = NO;
				GCC_NO_COMMON_BLOCKS = YES;
				GCC_OPTIMIZATION_LEVEL = 0;
				GCC_PREPROCESSOR_DEFINITIONS = (
					"DEBUG=1",
					"$(inherited)",
				);
				GCC_WARN_64_TO_32_BIT_CONVERSION = YES;
				GCC_WARN_ABOUT_RETURN_TYPE = YES_ERROR;
				GCC_WARN_UNDECLARED_SELECTOR = YES;
				GCC_WARN_UNINITIALIZED_AUTOS = YES_AGGRESSIVE;
				GCC_WARN_UNUSED_FUNCTION = YES;
				GCC_WARN_UNUSED_VARIABLE = YES;
				MACOSX_DEPLOYMENT_TARGET = 13.0;
				MTL_ENABLE_DEBUG_INFO = INCLUDE_SOURCE;
				MTL_FAST_MATH = YES;
				ONLY_ACTIVE_ARCH = YES;
				SDKROOT = macosx;
				SWIFT_ACTIVE_COMPILATION_CONDITIONS = DEBUG;
				SWIFT_OPTIMIZATION_LEVEL = "-Onone";
			};
			name = Debug;
		};
		491E483228372C21006E1666 /* Release */ = {
			isa = XCBuildConfiguration;
			buildSettings = {
				ALWAYS_SEARCH_USER_PATHS = NO;
				CLANG_ANALYZER_NONNULL = YES;
				CLANG_ANALYZER_NUMBER_OBJECT_CONVERSION = YES_AGGRESSIVE;
				CLANG_CXX_LANGUAGE_STANDARD = "gnu++17";
				CLANG_CXX_LIBRARY = "libc++";
				CLANG_ENABLE_MODULES = YES;
				CLANG_ENABLE_OBJC_ARC = YES;
				CLANG_ENABLE_OBJC_WEAK = YES;
				CLANG_WARN_BLOCK_CAPTURE_AUTORELEASING = YES;
				CLANG_WARN_BOOL_CONVERSION = YES;
				CLANG_WARN_COMMA = YES;
				CLANG_WARN_CONSTANT_CONVERSION = YES;
				CLANG_WARN_DEPRECATED_OBJC_IMPLEMENTATIONS = YES;
				CLANG_WARN_DIRECT_OBJC_ISA_USAGE = YES_ERROR;
				CLANG_WARN_DOCUMENTATION_COMMENTS = YES;
				CLANG_WARN_EMPTY_BODY = YES;
				CLANG_WARN_ENUM_CONVERSION = YES;
				CLANG_WARN_INFINITE_RECURSION = YES;
				CLANG_WARN_INT_CONVERSION = YES;
				CLANG_WARN_NON_LITERAL_NULL_CONVERSION = YES;
				CLANG_WARN_OBJC_IMPLICIT_RETAIN_SELF = YES;
				CLANG_WARN_OBJC_LITERAL_CONVERSION = YES;
				CLANG_WARN_OBJC_ROOT_CLASS = YES_ERROR;
				CLANG_WARN_QUOTED_INCLUDE_IN_FRAMEWORK_HEADER = YES;
				CLANG_WARN_RANGE_LOOP_ANALYSIS = YES;
				CLANG_WARN_STRICT_PROTOTYPES = YES;
				CLANG_WARN_SUSPICIOUS_MOVE = YES;
				CLANG_WARN_UNGUARDED_AVAILABILITY = YES_AGGRESSIVE;
				CLANG_WARN_UNREACHABLE_CODE = YES;
				CLANG_WARN__DUPLICATE_METHOD_MATCH = YES;
				COPY_PHASE_STRIP = NO;
				DEBUG_INFORMATION_FORMAT = "dwarf-with-dsym";
				ENABLE_NS_ASSERTIONS = NO;
				ENABLE_STRICT_OBJC_MSGSEND = YES;
				GCC_C_LANGUAGE_STANDARD = gnu11;
				GCC_NO_COMMON_BLOCKS = YES;
				GCC_WARN_64_TO_32_BIT_CONVERSION = YES;
				GCC_WARN_ABOUT_RETURN_TYPE = YES_ERROR;
				GCC_WARN_UNDECLARED_SELECTOR = YES;
				GCC_WARN_UNINITIALIZED_AUTOS = YES_AGGRESSIVE;
				GCC_WARN_UNUSED_FUNCTION = YES;
				GCC_WARN_UNUSED_VARIABLE = YES;
				MACOSX_DEPLOYMENT_TARGET = 13.0;
				MTL_ENABLE_DEBUG_INFO = NO;
				MTL_FAST_MATH = YES;
				SDKROOT = macosx;
				SWIFT_COMPILATION_MODE = wholemodule;
				SWIFT_OPTIMIZATION_LEVEL = "-O";
			};
			name = Release;
		};
		491E483428372C21006E1666 /* Debug */ = {
			isa = XCBuildConfiguration;
			buildSettings = {
				ASSETCATALOG_COMPILER_APPICON_NAME = AppIcon;
				ASSETCATALOG_COMPILER_GLOBAL_ACCENT_COLOR_NAME = AccentColor;
				CODE_SIGN_ENTITLEMENTS = PhotoManager/PhotoManager.entitlements;
				CODE_SIGN_STYLE = Automatic;
				COMBINE_HIDPI_IMAGES = YES;
				CURRENT_PROJECT_VERSION = 1;
				DEVELOPMENT_ASSET_PATHS = "";
				DEVELOPMENT_TEAM = 48KEVQEKFZ;
				ENABLE_HARDENED_RUNTIME = YES;
				ENABLE_PREVIEWS = YES;
				GENERATE_INFOPLIST_FILE = YES;
				INFOPLIST_KEY_NSHumanReadableCopyright = "";
				LD_RUNPATH_SEARCH_PATHS = (
					"$(inherited)",
					"@executable_path/../Frameworks",
				);
				MACOSX_DEPLOYMENT_TARGET = 13.0;
				MARKETING_VERSION = 1.0;
				PRODUCT_BUNDLE_IDENTIFIER = tsukudabuddha.PhotoManager;
				PRODUCT_NAME = "$(TARGET_NAME)";
				SWIFT_EMIT_LOC_STRINGS = YES;
				SWIFT_VERSION = 5.0;
			};
			name = Debug;
		};
		491E483528372C21006E1666 /* Release */ = {
			isa = XCBuildConfiguration;
			buildSettings = {
				ASSETCATALOG_COMPILER_APPICON_NAME = AppIcon;
				ASSETCATALOG_COMPILER_GLOBAL_ACCENT_COLOR_NAME = AccentColor;
				CODE_SIGN_ENTITLEMENTS = PhotoManager/PhotoManager.entitlements;
				CODE_SIGN_STYLE = Automatic;
				COMBINE_HIDPI_IMAGES = YES;
				CURRENT_PROJECT_VERSION = 1;
				DEVELOPMENT_ASSET_PATHS = "";
				DEVELOPMENT_TEAM = 48KEVQEKFZ;
				ENABLE_HARDENED_RUNTIME = YES;
				ENABLE_PREVIEWS = YES;
				GENERATE_INFOPLIST_FILE = YES;
				INFOPLIST_KEY_NSHumanReadableCopyright = "";
				LD_RUNPATH_SEARCH_PATHS = (
					"$(inherited)",
					"@executable_path/../Frameworks",
				);
				MACOSX_DEPLOYMENT_TARGET = 13.0;
				MARKETING_VERSION = 1.0;
				PRODUCT_BUNDLE_IDENTIFIER = tsukudabuddha.PhotoManager;
				PRODUCT_NAME = "$(TARGET_NAME)";
				SWIFT_EMIT_LOC_STRINGS = YES;
				SWIFT_VERSION = 5.0;
			};
			name = Release;
		};
		491E483728372C21006E1666 /* Debug */ = {
			isa = XCBuildConfiguration;
			buildSettings = {
				ALWAYS_EMBED_SWIFT_STANDARD_LIBRARIES = YES;
				BUNDLE_LOADER = "$(TEST_HOST)";
				CODE_SIGN_STYLE = Automatic;
				COMBINE_HIDPI_IMAGES = YES;
				CURRENT_PROJECT_VERSION = 1;
				DEVELOPMENT_TEAM = 48KEVQEKFZ;
				GENERATE_INFOPLIST_FILE = YES;
				LD_RUNPATH_SEARCH_PATHS = (
					"$(inherited)",
					"@executable_path/../Frameworks",
					"@loader_path/../Frameworks",
				);
				MACOSX_DEPLOYMENT_TARGET = 12.0;
				MARKETING_VERSION = 1.0;
				PRODUCT_BUNDLE_IDENTIFIER = tsukudabuddha.PhotoManagerTests;
				PRODUCT_NAME = "$(TARGET_NAME)";
				SWIFT_EMIT_LOC_STRINGS = NO;
				SWIFT_VERSION = 5.0;
				TEST_HOST = "$(BUILT_PRODUCTS_DIR)/PhotoManager.app/Contents/MacOS/PhotoManager";
			};
			name = Debug;
		};
		491E483828372C21006E1666 /* Release */ = {
			isa = XCBuildConfiguration;
			buildSettings = {
				ALWAYS_EMBED_SWIFT_STANDARD_LIBRARIES = YES;
				BUNDLE_LOADER = "$(TEST_HOST)";
				CODE_SIGN_STYLE = Automatic;
				COMBINE_HIDPI_IMAGES = YES;
				CURRENT_PROJECT_VERSION = 1;
				DEVELOPMENT_TEAM = 48KEVQEKFZ;
				GENERATE_INFOPLIST_FILE = YES;
				LD_RUNPATH_SEARCH_PATHS = (
					"$(inherited)",
					"@executable_path/../Frameworks",
					"@loader_path/../Frameworks",
				);
				MACOSX_DEPLOYMENT_TARGET = 12.0;
				MARKETING_VERSION = 1.0;
				PRODUCT_BUNDLE_IDENTIFIER = tsukudabuddha.PhotoManagerTests;
				PRODUCT_NAME = "$(TARGET_NAME)";
				SWIFT_EMIT_LOC_STRINGS = NO;
				SWIFT_VERSION = 5.0;
				TEST_HOST = "$(BUILT_PRODUCTS_DIR)/PhotoManager.app/Contents/MacOS/PhotoManager";
			};
			name = Release;
		};
		491E483A28372C21006E1666 /* Debug */ = {
			isa = XCBuildConfiguration;
			buildSettings = {
				ALWAYS_EMBED_SWIFT_STANDARD_LIBRARIES = YES;
				CODE_SIGN_STYLE = Automatic;
				COMBINE_HIDPI_IMAGES = YES;
				CURRENT_PROJECT_VERSION = 1;
				DEVELOPMENT_TEAM = 48KEVQEKFZ;
				GENERATE_INFOPLIST_FILE = YES;
				LD_RUNPATH_SEARCH_PATHS = (
					"$(inherited)",
					"@executable_path/../Frameworks",
					"@loader_path/../Frameworks",
				);
				MARKETING_VERSION = 1.0;
				PRODUCT_BUNDLE_IDENTIFIER = tsukudabuddha.PhotoManagerUITests;
				PRODUCT_NAME = "$(TARGET_NAME)";
				SWIFT_EMIT_LOC_STRINGS = NO;
				SWIFT_VERSION = 5.0;
				TEST_TARGET_NAME = PhotoManager;
			};
			name = Debug;
		};
		491E483B28372C21006E1666 /* Release */ = {
			isa = XCBuildConfiguration;
			buildSettings = {
				ALWAYS_EMBED_SWIFT_STANDARD_LIBRARIES = YES;
				CODE_SIGN_STYLE = Automatic;
				COMBINE_HIDPI_IMAGES = YES;
				CURRENT_PROJECT_VERSION = 1;
				DEVELOPMENT_TEAM = 48KEVQEKFZ;
				GENERATE_INFOPLIST_FILE = YES;
				LD_RUNPATH_SEARCH_PATHS = (
					"$(inherited)",
					"@executable_path/../Frameworks",
					"@loader_path/../Frameworks",
				);
				MARKETING_VERSION = 1.0;
				PRODUCT_BUNDLE_IDENTIFIER = tsukudabuddha.PhotoManagerUITests;
				PRODUCT_NAME = "$(TARGET_NAME)";
				SWIFT_EMIT_LOC_STRINGS = NO;
				SWIFT_VERSION = 5.0;
				TEST_TARGET_NAME = PhotoManager;
			};
			name = Release;
		};
/* End XCBuildConfiguration section */

/* Begin XCConfigurationList section */
		491E480928372C20006E1666 /* Build configuration list for PBXProject "PhotoManager" */ = {
			isa = XCConfigurationList;
			buildConfigurations = (
				491E483128372C21006E1666 /* Debug */,
				491E483228372C21006E1666 /* Release */,
			);
			defaultConfigurationIsVisible = 0;
			defaultConfigurationName = Release;
		};
		491E483328372C21006E1666 /* Build configuration list for PBXNativeTarget "PhotoManager" */ = {
			isa = XCConfigurationList;
			buildConfigurations = (
				491E483428372C21006E1666 /* Debug */,
				491E483528372C21006E1666 /* Release */,
			);
			defaultConfigurationIsVisible = 0;
			defaultConfigurationName = Release;
		};
		491E483628372C21006E1666 /* Build configuration list for PBXNativeTarget "PhotoManagerTests" */ = {
			isa = XCConfigurationList;
			buildConfigurations = (
				491E483728372C21006E1666 /* Debug */,
				491E483828372C21006E1666 /* Release */,
			);
			defaultConfigurationIsVisible = 0;
			defaultConfigurationName = Release;
		};
		491E483928372C21006E1666 /* Build configuration list for PBXNativeTarget "PhotoManagerUITests" */ = {
			isa = XCConfigurationList;
			buildConfigurations = (
				491E483A28372C21006E1666 /* Debug */,
				491E483B28372C21006E1666 /* Release */,
			);
			defaultConfigurationIsVisible = 0;
			defaultConfigurationName = Release;
		};
/* End XCConfigurationList section */
	};
	rootObject = 491E480628372C20006E1666 /* Project object */;
}
